{
  "nodes": {
    "combparser-master": {
      "inputs": {
        "flakeNimbleLib": [
          "flakeNimbleLib"
        ],
        "nixpkgs": [
          "nixpkgs"
        ],
        "src-combparser-master": "src-combparser-master"
      },
      "locked": {
        "dir": "master",
        "lastModified": 1662254407,
        "narHash": "sha256-f6ZPjge4+O7uVc+wQaFDtJUWxHdQEOU8LRmQN4cFOZo=",
        "owner": "nim-nix-pkgs",
        "repo": "combparser",
        "rev": "78199cd8c812d64b79a8c12ee21949961829d748",
        "type": "github"
      },
      "original": {
        "dir": "master",
        "owner": "nim-nix-pkgs",
        "ref": "master",
        "repo": "combparser",
        "type": "github"
      }
    },
    "flakeNimbleLib": {
      "inputs": {
        "nixpkgs": [
          "nixpkgs"
        ]
      },
      "locked": {
        "lastModified": 1662018438,
        "narHash": "sha256-QtNtU6+LX3Wokxf0zlFwKTFOcn6TeDjKQZ+DA9OYtvM=",
        "owner": "riinr",
        "repo": "nim-flakes-lib",
        "rev": "b1fe8340736e3a85d25c709ac3dfd82a55c03cbf",
        "type": "github"
      },
      "original": {
        "owner": "riinr",
        "ref": "master",
        "repo": "nim-flakes-lib",
        "type": "github"
      }
    },
    "nixpkgs": {
      "locked": {
        "lastModified": 1667110639,
        "narHash": "sha256-4FbPESZ5LbqQxkJJJBAfk/zKgF9h/4kyUwjjpJwYlbc=",
        "owner": "NixOS",
        "repo": "nixpkgs",
        "rev": "f38a1f04d1bec1feb61fd101a0539ae2002a7087",
        "type": "github"
      },
      "original": {
        "id": "nixpkgs",
        "type": "indirect"
      }
    },
    "root": {
      "inputs": {
        "combparser-master": "combparser-master",
        "flakeNimbleLib": "flakeNimbleLib",
        "nixpkgs": "nixpkgs"
      }
    },
    "src-combparser-master": {
      "flake": false,
      "locked": {
        "lastModified": 1566369514,
        "narHash": "sha256-hJH0XNwSkBCYthjdKxA4UfsSeczMmonqlIGIxZCECUY=",
        "owner": "PMunch",
        "repo": "combparser",
        "rev": "ba4464c005d7617c008e2ed2ebc1ba52feb469c6",
        "type": "github"
      },
      "original": {
        "owner": "PMunch",
        "ref": "refs/heads/master",
        "repo": "combparser",
        "type": "github"
      }
    }
  },
  "root": "root",
  "version": 7
}
